
Microsoft Visual Studio Solution File, Format Version 12.00
# Visual Studio Version 16
VisualStudioVersion = 16.0.31105.61
MinimumVisualStudioVersion = 10.0.40219.1
Project("{9A19103F-16F7-4668-BE54-9A1E7A4F7556}") = "Task_1", "Task_1\Task_1.csproj", "{B2838652-7362-4172-933B-FE65F2A2AC94}"
EndProject
Project("{FAE04EC0-301F-11D3-BF4B-00C04F79EFBC}") = "Task_2", "Task_2\Task_2.csproj", "{0ACCBD7A-0BFD-417F-B435-649A9F060033}"
EndProject
Global
	GlobalSection(SolutionConfigurationPlatforms) = preSolution
		Debug|Any CPU = Debug|Any CPU
		Release|Any CPU = Release|Any CPU
	EndGlobalSection
	GlobalSection(ProjectConfigurationPlatforms) = postSolution
		{B2838652-7362-4172-933B-FE65F2A2AC94}.Debug|Any CPU.ActiveCfg = Debug|Any CPU
		{B2838652-7362-4172-933B-FE65F2A2AC94}.Debug|Any CPU.Build.0 = Debug|Any CPU
		{B2838652-7362-4172-933B-FE65F2A2AC94}.Release|Any CPU.ActiveCfg = Release|Any CPU
		{B2838652-7362-4172-933B-FE65F2A2AC94}.Release|Any CPU.Build.0 = Release|Any CPU
		{0ACCBD7A-0BFD-417F-B435-649A9F060033}.Debug|Any CPU.ActiveCfg = Debug|Any CPU
		{0ACCBD7A-0BFD-417F-B435-649A9F060033}.Debug|Any CPU.Build.0 = Debug|Any CPU
		{0ACCBD7A-0BFD-417F-B435-649A9F060033}.Release|Any CPU.ActiveCfg = Release|Any CPU
		{0ACCBD7A-0BFD-417F-B435-649A9F060033}.Release|Any CPU.Build.0 = Release|Any CPU
	EndGlobalSection
	GlobalSection(SolutionProperties) = preSolution
		HideSolutionNode = FALSE
	EndGlobalSection
	GlobalSection(ExtensibilityGlobals) = postSolution
		SolutionGuid = {B2BB0B77-4CD6-431E-B461-40D0506FBD4A}
	EndGlobalSection
EndGlobal
